// !$*UTF8*$!
{
	archiveVersion = 1;
	classes = {
	};
	objectVersion = 50;
	objects = {

/* Begin PBXBuildFile section */
		35721711256F958000A186E6 /* ConvertImageView.swift in Sources */ = {isa = PBXBuildFile; fileRef = 35721710256F958000A186E6 /* ConvertImageView.swift */; };
		35AC72E9256CEF8D00727E49 /* AfricaApp.swift in Sources */ = {isa = PBXBuildFile; fileRef = 35AC72E8256CEF8D00727E49 /* AfricaApp.swift */; };
		35AC72EB256CEF8D00727E49 /* ContentView.swift in Sources */ = {isa = PBXBuildFile; fileRef = 35AC72EA256CEF8D00727E49 /* ContentView.swift */; };
		35AC72ED256CEF8F00727E49 /* Assets.xcassets in Resources */ = {isa = PBXBuildFile; fileRef = 35AC72EC256CEF8F00727E49 /* Assets.xcassets */; };
		35AC72F0256CEF8F00727E49 /* Preview Assets.xcassets in Resources */ = {isa = PBXBuildFile; fileRef = 35AC72EF256CEF8F00727E49 /* Preview Assets.xcassets */; };
		35AC7303256CF23E00727E49 /* zebra.mp4 in Resources */ = {isa = PBXBuildFile; fileRef = 35AC72F9256CF23A00727E49 /* zebra.mp4 */; };
		35AC7304256CF23E00727E49 /* lioness.mp4 in Resources */ = {isa = PBXBuildFile; fileRef = 35AC72FA256CF23A00727E49 /* lioness.mp4 */; };
		35AC7305256CF23E00727E49 /* cheetah.mp4 in Resources */ = {isa = PBXBuildFile; fileRef = 35AC72FB256CF23A00727E49 /* cheetah.mp4 */; };
		35AC7306256CF23E00727E49 /* gorilla.mp4 in Resources */ = {isa = PBXBuildFile; fileRef = 35AC72FC256CF23B00727E49 /* gorilla.mp4 */; };
		35AC7307256CF23E00727E49 /* giraffe.mp4 in Resources */ = {isa = PBXBuildFile; fileRef = 35AC72FD256CF23C00727E49 /* giraffe.mp4 */; };
		35AC7308256CF23E00727E49 /* hippo.mp4 in Resources */ = {isa = PBXBuildFile; fileRef = 35AC72FE256CF23C00727E49 /* hippo.mp4 */; };
		35AC7309256CF23E00727E49 /* ostrich.mp4 in Resources */ = {isa = PBXBuildFile; fileRef = 35AC72FF256CF23D00727E49 /* ostrich.mp4 */; };
		35AC730A256CF23E00727E49 /* elephant.mp4 in Resources */ = {isa = PBXBuildFile; fileRef = 35AC7300256CF23D00727E49 /* elephant.mp4 */; };
		35AC730B256CF23E00727E49 /* lion.mp4 in Resources */ = {isa = PBXBuildFile; fileRef = 35AC7301256CF23D00727E49 /* lion.mp4 */; };
		35AC730C256CF23E00727E49 /* rhino.mp4 in Resources */ = {isa = PBXBuildFile; fileRef = 35AC7302256CF23E00727E49 /* rhino.mp4 */; };
		35AC7313256CF27800727E49 /* animals.json in Resources */ = {isa = PBXBuildFile; fileRef = 35AC730F256CF27800727E49 /* animals.json */; };
		35AC7314256CF27800727E49 /* covers.json in Resources */ = {isa = PBXBuildFile; fileRef = 35AC7310256CF27800727E49 /* covers.json */; };
		35AC7315256CF27800727E49 /* locations.json in Resources */ = {isa = PBXBuildFile; fileRef = 35AC7311256CF27800727E49 /* locations.json */; };
		35AC7316256CF27800727E49 /* videos.json in Resources */ = {isa = PBXBuildFile; fileRef = 35AC7312256CF27800727E49 /* videos.json */; };
		35AC731B256CF7E200727E49 /* VideoListView.swift in Sources */ = {isa = PBXBuildFile; fileRef = 35AC731A256CF7E200727E49 /* VideoListView.swift */; };
		35AC731E256CF80B00727E49 /* MapView.swift in Sources */ = {isa = PBXBuildFile; fileRef = 35AC731D256CF80B00727E49 /* MapView.swift */; };
		35AC7322256CF82200727E49 /* GalleryView.swift in Sources */ = {isa = PBXBuildFile; fileRef = 35AC7321256CF82200727E49 /* GalleryView.swift */; };
		35AC7325256CF85200727E49 /* MainView.swift in Sources */ = {isa = PBXBuildFile; fileRef = 35AC7324256CF85200727E49 /* MainView.swift */; };
/* End PBXBuildFile section */

/* Begin PBXFileReference section */
		35721710256F958000A186E6 /* ConvertImageView.swift */ = {isa = PBXFileReference; lastKnownFileType = sourcecode.swift; path = ConvertImageView.swift; sourceTree = "<group>"; };
		35AC72E5256CEF8C00727E49 /* Africa.app */ = {isa = PBXFileReference; explicitFileType = wrapper.application; includeInIndex = 0; path = Africa.app; sourceTree = BUILT_PRODUCTS_DIR; };
		35AC72E8256CEF8D00727E49 /* AfricaApp.swift */ = {isa = PBXFileReference; lastKnownFileType = sourcecode.swift; path = AfricaApp.swift; sourceTree = "<group>"; };
		35AC72EA256CEF8D00727E49 /* ContentView.swift */ = {isa = PBXFileReference; lastKnownFileType = sourcecode.swift; path = ContentView.swift; sourceTree = "<group>"; };
		35AC72EC256CEF8F00727E49 /* Assets.xcassets */ = {isa = PBXFileReference; lastKnownFileType = folder.assetcatalog; path = Assets.xcassets; sourceTree = "<group>"; };
		35AC72EF256CEF8F00727E49 /* Preview Assets.xcassets */ = {isa = PBXFileReference; lastKnownFileType = folder.assetcatalog; path = "Preview Assets.xcassets"; sourceTree = "<group>"; };
		35AC72F1256CEF8F00727E49 /* Info.plist */ = {isa = PBXFileReference; lastKnownFileType = text.plist.xml; path = Info.plist; sourceTree = "<group>"; };
		35AC72F9256CF23A00727E49 /* zebra.mp4 */ = {isa = PBXFileReference; lastKnownFileType = file; path = zebra.mp4; sourceTree = "<group>"; };
		35AC72FA256CF23A00727E49 /* lioness.mp4 */ = {isa = PBXFileReference; lastKnownFileType = file; path = lioness.mp4; sourceTree = "<group>"; };
		35AC72FB256CF23A00727E49 /* cheetah.mp4 */ = {isa = PBXFileReference; lastKnownFileType = file; path = cheetah.mp4; sourceTree = "<group>"; };
		35AC72FC256CF23B00727E49 /* gorilla.mp4 */ = {isa = PBXFileReference; lastKnownFileType = file; path = gorilla.mp4; sourceTree = "<group>"; };
		35AC72FD256CF23C00727E49 /* giraffe.mp4 */ = {isa = PBXFileReference; lastKnownFileType = file; path = giraffe.mp4; sourceTree = "<group>"; };
		35AC72FE256CF23C00727E49 /* hippo.mp4 */ = {isa = PBXFileReference; lastKnownFileType = file; path = hippo.mp4; sourceTree = "<group>"; };
		35AC72FF256CF23D00727E49 /* ostrich.mp4 */ = {isa = PBXFileReference; lastKnownFileType = file; path = ostrich.mp4; sourceTree = "<group>"; };
		35AC7300256CF23D00727E49 /* elephant.mp4 */ = {isa = PBXFileReference; lastKnownFileType = file; path = elephant.mp4; sourceTree = "<group>"; };
		35AC7301256CF23D00727E49 /* lion.mp4 */ = {isa = PBXFileReference; lastKnownFileType = file; path = lion.mp4; sourceTree = "<group>"; };
		35AC7302256CF23E00727E49 /* rhino.mp4 */ = {isa = PBXFileReference; lastKnownFileType = file; path = rhino.mp4; sourceTree = "<group>"; };
		35AC730F256CF27800727E49 /* animals.json */ = {isa = PBXFileReference; fileEncoding = 4; lastKnownFileType = text.json; path = animals.json; sourceTree = "<group>"; };
		35AC7310256CF27800727E49 /* covers.json */ = {isa = PBXFileReference; fileEncoding = 4; lastKnownFileType = text.json; path = covers.json; sourceTree = "<group>"; };
		35AC7311256CF27800727E49 /* locations.json */ = {isa = PBXFileReference; fileEncoding = 4; lastKnownFileType = text.json; path = locations.json; sourceTree = "<group>"; };
		35AC7312256CF27800727E49 /* videos.json */ = {isa = PBXFileReference; fileEncoding = 4; lastKnownFileType = text.json; path = videos.json; sourceTree = "<group>"; };
		35AC731A256CF7E200727E49 /* VideoListView.swift */ = {isa = PBXFileReference; lastKnownFileType = sourcecode.swift; path = VideoListView.swift; sourceTree = "<group>"; };
		35AC731D256CF80B00727E49 /* MapView.swift */ = {isa = PBXFileReference; lastKnownFileType = sourcecode.swift; path = MapView.swift; sourceTree = "<group>"; };
		35AC7321256CF82200727E49 /* GalleryView.swift */ = {isa = PBXFileReference; lastKnownFileType = sourcecode.swift; path = GalleryView.swift; sourceTree = "<group>"; };
		35AC7324256CF85200727E49 /* MainView.swift */ = {isa = PBXFileReference; lastKnownFileType = sourcecode.swift; path = MainView.swift; sourceTree = "<group>"; };
/* End PBXFileReference section */

/* Begin PBXFrameworksBuildPhase section */
		35AC72E2256CEF8C00727E49 /* Frameworks */ = {
			isa = PBXFrameworksBuildPhase;
			buildActionMask = 2147483647;
			files = (
			);
			runOnlyForDeploymentPostprocessing = 0;
		};
/* End PBXFrameworksBuildPhase section */

/* Begin PBXGroup section */
		3572170F256F956A00A186E6 /* View */ = {
			isa = PBXGroup;
			children = (
				35721710256F958000A186E6 /* ConvertImageView.swift */,
			);
			path = View;
			sourceTree = "<group>";
		};
		35AC72DC256CEF8C00727E49 = {
			isa = PBXGroup;
			children = (
				35AC72E7256CEF8C00727E49 /* Africa */,
				35AC72E6256CEF8C00727E49 /* Products */,
			);
			sourceTree = "<group>";
		};
		35AC72E6256CEF8C00727E49 /* Products */ = {
			isa = PBXGroup;
			children = (
				35AC72E5256CEF8C00727E49 /* Africa.app */,
			);
			name = Products;
			sourceTree = "<group>";
		};
		35AC72E7256CEF8C00727E49 /* Africa */ = {
			isa = PBXGroup;
			children = (
				3572170F256F956A00A186E6 /* View */,
				35AC730E256CF26600727E49 /* Data */,
				35AC72F8256CF22B00727E49 /* Video */,
				35AC7318256CF7B000727E49 /* App */,
				35AC72EC256CEF8F00727E49 /* Assets.xcassets */,
				35AC72F1256CEF8F00727E49 /* Info.plist */,
				35AC72EE256CEF8F00727E49 /* Preview Content */,
			);
			path = Africa;
			sourceTree = "<group>";
		};
		35AC72EE256CEF8F00727E49 /* Preview Content */ = {
			isa = PBXGroup;
			children = (
				35AC72EF256CEF8F00727E49 /* Preview Assets.xcassets */,
			);
			path = "Preview Content";
			sourceTree = "<group>";
		};
		35AC72F8256CF22B00727E49 /* Video */ = {
			isa = PBXGroup;
			children = (
				35AC72FB256CF23A00727E49 /* cheetah.mp4 */,
				35AC7300256CF23D00727E49 /* elephant.mp4 */,
				35AC72FD256CF23C00727E49 /* giraffe.mp4 */,
				35AC72FC256CF23B00727E49 /* gorilla.mp4 */,
				35AC72FE256CF23C00727E49 /* hippo.mp4 */,
				35AC7301256CF23D00727E49 /* lion.mp4 */,
				35AC72FA256CF23A00727E49 /* lioness.mp4 */,
				35AC72FF256CF23D00727E49 /* ostrich.mp4 */,
				35AC7302256CF23E00727E49 /* rhino.mp4 */,
				35AC72F9256CF23A00727E49 /* zebra.mp4 */,
			);
			path = Video;
			sourceTree = "<group>";
		};
		35AC730E256CF26600727E49 /* Data */ = {
			isa = PBXGroup;
			children = (
				35AC730F256CF27800727E49 /* animals.json */,
				35AC7310256CF27800727E49 /* covers.json */,
				35AC7311256CF27800727E49 /* locations.json */,
				35AC7312256CF27800727E49 /* videos.json */,
			);
			path = Data;
			sourceTree = "<group>";
		};
		35AC7318256CF7B000727E49 /* App */ = {
			isa = PBXGroup;
			children = (
				35AC72E8256CEF8D00727E49 /* AfricaApp.swift */,
				35AC72EA256CEF8D00727E49 /* ContentView.swift */,
				35AC731A256CF7E200727E49 /* VideoListView.swift */,
				35AC731D256CF80B00727E49 /* MapView.swift */,
				35AC7321256CF82200727E49 /* GalleryView.swift */,
				35AC7324256CF85200727E49 /* MainView.swift */,
			);
			name = App;
			sourceTree = "<group>";
		};
/* End PBXGroup section */

/* Begin PBXNativeTarget section */
		35AC72E4256CEF8C00727E49 /* Africa */ = {
			isa = PBXNativeTarget;
			buildConfigurationList = 35AC72F4256CEF8F00727E49 /* Build configuration list for PBXNativeTarget "Africa" */;
			buildPhases = (
				35AC72E1256CEF8C00727E49 /* Sources */,
				35AC72E2256CEF8C00727E49 /* Frameworks */,
				35AC72E3256CEF8C00727E49 /* Resources */,
			);
			buildRules = (
			);
			dependencies = (
			);
			name = Africa;
			productName = Africa;
			productReference = 35AC72E5256CEF8C00727E49 /* Africa.app */;
			productType = "com.apple.product-type.application";
		};
/* End PBXNativeTarget section */

/* Begin PBXProject section */
		35AC72DD256CEF8C00727E49 /* Project object */ = {
			isa = PBXProject;
			attributes = {
				LastSwiftUpdateCheck = 1220;
				LastUpgradeCheck = 1220;
				TargetAttributes = {
					35AC72E4256CEF8C00727E49 = {
						CreatedOnToolsVersion = 12.2;
					};
				};
			};
			buildConfigurationList = 35AC72E0256CEF8C00727E49 /* Build configuration list for PBXProject "Africa" */;
			compatibilityVersion = "Xcode 9.3";
			developmentRegion = en;
			hasScannedForEncodings = 0;
			knownRegions = (
				en,
				Base,
			);
			mainGroup = 35AC72DC256CEF8C00727E49;
			productRefGroup = 35AC72E6256CEF8C00727E49 /* Products */;
			projectDirPath = "";
			projectRoot = "";
			targets = (
				35AC72E4256CEF8C00727E49 /* Africa */,
			);
		};
/* End PBXProject section */

/* Begin PBXResourcesBuildPhase section */
		35AC72E3256CEF8C00727E49 /* Resources */ = {
			isa = PBXResourcesBuildPhase;
			buildActionMask = 2147483647;
			files = (
				35AC730C256CF23E00727E49 /* rhino.mp4 in Resources */,
				35AC7308256CF23E00727E49 /* hippo.mp4 in Resources */,
				35AC72F0256CEF8F00727E49 /* Preview Assets.xcassets in Resources */,
				35AC7305256CF23E00727E49 /* cheetah.mp4 in Resources */,
				35AC7309256CF23E00727E49 /* ostrich.mp4 in Resources */,
				35AC7303256CF23E00727E49 /* zebra.mp4 in Resources */,
				35AC72ED256CEF8F00727E49 /* Assets.xcassets in Resources */,
				35AC7315256CF27800727E49 /* locations.json in Resources */,
				35AC7314256CF27800727E49 /* covers.json in Resources */,
				35AC7313256CF27800727E49 /* animals.json in Resources */,
				35AC7306256CF23E00727E49 /* gorilla.mp4 in Resources */,
				35AC7307256CF23E00727E49 /* giraffe.mp4 in Resources */,
				35AC730B256CF23E00727E49 /* lion.mp4 in Resources */,
				35AC7316256CF27800727E49 /* videos.json in Resources */,
				35AC730A256CF23E00727E49 /* elephant.mp4 in Resources */,
				35AC7304256CF23E00727E49 /* lioness.mp4 in Resources */,
			);
			runOnlyForDeploymentPostprocessing = 0;
		};
/* End PBXResourcesBuildPhase section */

/* Begin PBXSourcesBuildPhase section */
		35AC72E1256CEF8C00727E49 /* Sources */ = {
			isa = PBXSourcesBuildPhase;
			buildActionMask = 2147483647;
			files = (
				35721711256F958000A186E6 /* ConvertImageView.swift in Sources */,
				35AC72EB256CEF8D00727E49 /* ContentView.swift in Sources */,
				35AC7325256CF85200727E49 /* MainView.swift in Sources */,
				35AC731E256CF80B00727E49 /* MapView.swift in Sources */,
				35AC731B256CF7E200727E49 /* VideoListView.swift in Sources */,
				35AC72E9256CEF8D00727E49 /* AfricaApp.swift in Sources */,
				35AC7322256CF82200727E49 /* GalleryView.swift in Sources */,
			);
			runOnlyForDeploymentPostprocessing = 0;
		};
/* End PBXSourcesBuildPhase section */

/* Begin XCBuildConfiguration section */
		35AC72F2256CEF8F00727E49 /* Debug */ = {
			isa = XCBuildConfiguration;
			buildSettings = {
				ALWAYS_SEARCH_USER_PATHS = NO;
				CLANG_ANALYZER_NONNULL = YES;
				CLANG_ANALYZER_NUMBER_OBJECT_CONVERSION = YES_AGGRESSIVE;
				CLANG_CXX_LANGUAGE_STANDARD = "gnu++14";
				CLANG_CXX_LIBRARY = "libc++";
				CLANG_ENABLE_MODULES = YES;
				CLANG_ENABLE_OBJC_ARC = YES;
				CLANG_ENABLE_OBJC_WEAK = YES;
				CLANG_WARN_BLOCK_CAPTURE_AUTORELEASING = YES;
				CLANG_WARN_BOOL_CONVERSION = YES;
				CLANG_WARN_COMMA = YES;
				CLANG_WARN_CONSTANT_CONVERSION = YES;
				CLANG_WARN_DEPRECATED_OBJC_IMPLEMENTATIONS = YES;
				CLANG_WARN_DIRECT_OBJC_ISA_USAGE = YES_ERROR;
				CLANG_WARN_DOCUMENTATION_COMMENTS = YES;
				CLANG_WARN_EMPTY_BODY = YES;
				CLANG_WARN_ENUM_CONVERSION = YES;
				CLANG_WARN_INFINITE_RECURSION = YES;
				CLANG_WARN_INT_CONVERSION = YES;
				CLANG_WARN_NON_LITERAL_NULL_CONVERSION = YES;
				CLANG_WARN_OBJC_IMPLICIT_RETAIN_SELF = YES;
				CLANG_WARN_OBJC_LITERAL_CONVERSION = YES;
				CLANG_WARN_OBJC_ROOT_CLASS = YES_ERROR;
				CLANG_WARN_QUOTED_INCLUDE_IN_FRAMEWORK_HEADER = YES;
				CLANG_WARN_RANGE_LOOP_ANALYSIS = YES;
				CLANG_WARN_STRICT_PROTOTYPES = YES;
				CLANG_WARN_SUSPICIOUS_MOVE = YES;
				CLANG_WARN_UNGUARDED_AVAILABILITY = YES_AGGRESSIVE;
				CLANG_WARN_UNREACHABLE_CODE = YES;
				CLANG_WARN__DUPLICATE_METHOD_MATCH = YES;
				COPY_PHASE_STRIP = NO;
				DEBUG_INFORMATION_FORMAT = dwarf;
				ENABLE_STRICT_OBJC_MSGSEND = YES;
				ENABLE_TESTABILITY = YES;
				GCC_C_LANGUAGE_STANDARD = gnu11;
				GCC_DYNAMIC_NO_PIC = NO;
				GCC_NO_COMMON_BLOCKS = YES;
				GCC_OPTIMIZATION_LEVEL = 0;
				GCC_PREPROCESSOR_DEFINITIONS = (
					"DEBUG=1",
					"$(inherited)",
				);
				GCC_WARN_64_TO_32_BIT_CONVERSION = YES;
				GCC_WARN_ABOUT_RETURN_TYPE = YES_ERROR;
				GCC_WARN_UNDECLARED_SELECTOR = YES;
				GCC_WARN_UNINITIALIZED_AUTOS = YES_AGGRESSIVE;
				GCC_WARN_UNUSED_FUNCTION = YES;
				GCC_WARN_UNUSED_VARIABLE = YES;
				IPHONEOS_DEPLOYMENT_TARGET = 14.2;
				MTL_ENABLE_DEBUG_INFO = INCLUDE_SOURCE;
				MTL_FAST_MATH = YES;
				ONLY_ACTIVE_ARCH = YES;
				SDKROOT = iphoneos;
				SWIFT_ACTIVE_COMPILATION_CONDITIONS = DEBUG;
				SWIFT_OPTIMIZATION_LEVEL = "-Onone";
			};
			name = Debug;
		};
		35AC72F3256CEF8F00727E49 /* Release */ = {
			isa = XCBuildConfiguration;
			buildSettings = {
				ALWAYS_SEARCH_USER_PATHS = NO;
				CLANG_ANALYZER_NONNULL = YES;
				CLANG_ANALYZER_NUMBER_OBJECT_CONVERSION = YES_AGGRESSIVE;
				CLANG_CXX_LANGUAGE_STANDARD = "gnu++14";
				CLANG_CXX_LIBRARY = "libc++";
				CLANG_ENABLE_MODULES = YES;
				CLANG_ENABLE_OBJC_ARC = YES;
				CLANG_ENABLE_OBJC_WEAK = YES;
				CLANG_WARN_BLOCK_CAPTURE_AUTORELEASING = YES;
				CLANG_WARN_BOOL_CONVERSION = YES;
				CLANG_WARN_COMMA = YES;
				CLANG_WARN_CONSTANT_CONVERSION = YES;
				CLANG_WARN_DEPRECATED_OBJC_IMPLEMENTATIONS = YES;
				CLANG_WARN_DIRECT_OBJC_ISA_USAGE = YES_ERROR;
				CLANG_WARN_DOCUMENTATION_COMMENTS = YES;
				CLANG_WARN_EMPTY_BODY = YES;
				CLANG_WARN_ENUM_CONVERSION = YES;
				CLANG_WARN_INFINITE_RECURSION = YES;
				CLANG_WARN_INT_CONVERSION = YES;
				CLANG_WARN_NON_LITERAL_NULL_CONVERSION = YES;
				CLANG_WARN_OBJC_IMPLICIT_RETAIN_SELF = YES;
				CLANG_WARN_OBJC_LITERAL_CONVERSION = YES;
				CLANG_WARN_OBJC_ROOT_CLASS = YES_ERROR;
				CLANG_WARN_QUOTED_INCLUDE_IN_FRAMEWORK_HEADER = YES;
				CLANG_WARN_RANGE_LOOP_ANALYSIS = YES;
				CLANG_WARN_STRICT_PROTOTYPES = YES;
				CLANG_WARN_SUSPICIOUS_MOVE = YES;
				CLANG_WARN_UNGUARDED_AVAILABILITY = YES_AGGRESSIVE;
				CLANG_WARN_UNREACHABLE_CODE = YES;
				CLANG_WARN__DUPLICATE_METHOD_MATCH = YES;
				COPY_PHASE_STRIP = NO;
				DEBUG_INFORMATION_FORMAT = "dwarf-with-dsym";
				ENABLE_NS_ASSERTIONS = NO;
				ENABLE_STRICT_OBJC_MSGSEND = YES;
				GCC_C_LANGUAGE_STANDARD = gnu11;
				GCC_NO_COMMON_BLOCKS = YES;
				GCC_WARN_64_TO_32_BIT_CONVERSION = YES;
				GCC_WARN_ABOUT_RETURN_TYPE = YES_ERROR;
				GCC_WARN_UNDECLARED_SELECTOR = YES;
				GCC_WARN_UNINITIALIZED_AUTOS = YES_AGGRESSIVE;
				GCC_WARN_UNUSED_FUNCTION = YES;
				GCC_WARN_UNUSED_VARIABLE = YES;
				IPHONEOS_DEPLOYMENT_TARGET = 14.2;
				MTL_ENABLE_DEBUG_INFO = NO;
				MTL_FAST_MATH = YES;
				SDKROOT = iphoneos;
				SWIFT_COMPILATION_MODE = wholemodule;
				SWIFT_OPTIMIZATION_LEVEL = "-O";
				VALIDATE_PRODUCT = YES;
			};
			name = Release;
		};
		35AC72F5256CEF8F00727E49 /* Debug */ = {
			isa = XCBuildConfiguration;
			buildSettings = {
				ASSETCATALOG_COMPILER_APPICON_NAME = AppIcon;
				ASSETCATALOG_COMPILER_GLOBAL_ACCENT_COLOR_NAME = AccentColor;
				CODE_SIGN_STYLE = Automatic;
				DEVELOPMENT_ASSET_PATHS = "\"Africa/Preview Content\"";
				DEVELOPMENT_TEAM = 3P96VF2954;
				ENABLE_PREVIEWS = YES;
				INFOPLIST_FILE = Africa/Info.plist;
				IPHONEOS_DEPLOYMENT_TARGET = 14.0;
				LD_RUNPATH_SEARCH_PATHS = (
					"$(inherited)",
					"@executable_path/Frameworks",
				);
				PRODUCT_BUNDLE_IDENTIFIER = tech.vatanachhorn.Africa;
				PRODUCT_NAME = "$(TARGET_NAME)";
				SWIFT_VERSION = 5.0;
				TARGETED_DEVICE_FAMILY = "1,2";
			};
			name = Debug;
		};
		35AC72F6256CEF8F00727E49 /* Release */ = {
			isa = XCBuildConfiguration;
			buildSettings = {
				ASSETCATALOG_COMPILER_APPICON_NAME = AppIcon;
				ASSETCATALOG_COMPILER_GLOBAL_ACCENT_COLOR_NAME = AccentColor;
				CODE_SIGN_STYLE = Automatic;
				DEVELOPMENT_ASSET_PATHS = "\"Africa/Preview Content\"";
				DEVELOPMENT_TEAM = 3P96VF2954;
				ENABLE_PREVIEWS = YES;
				INFOPLIST_FILE = Africa/Info.plist;
				IPHONEOS_DEPLOYMENT_TARGET = 14.0;
				LD_RUNPATH_SEARCH_PATHS = (
					"$(inherited)",
					"@executable_path/Frameworks",
				);
				PRODUCT_BUNDLE_IDENTIFIER = tech.vatanachhorn.Africa;
				PRODUCT_NAME = "$(TARGET_NAME)";
				SWIFT_VERSION = 5.0;
				TARGETED_DEVICE_FAMILY = "1,2";
			};
			name = Release;
		};
/* End XCBuildConfiguration section */

/* Begin XCConfigurationList section */
		35AC72E0256CEF8C00727E49 /* Build configuration list for PBXProject "Africa" */ = {
			isa = XCConfigurationList;
			buildConfigurations = (
				35AC72F2256CEF8F00727E49 /* Debug */,
				35AC72F3256CEF8F00727E49 /* Release */,
			);
			defaultConfigurationIsVisible = 0;
			defaultConfigurationName = Release;
		};
		35AC72F4256CEF8F00727E49 /* Build configuration list for PBXNativeTarget "Africa" */ = {
			isa = XCConfigurationList;
			buildConfigurations = (
				35AC72F5256CEF8F00727E49 /* Debug */,
				35AC72F6256CEF8F00727E49 /* Release */,
			);
			defaultConfigurationIsVisible = 0;
			defaultConfigurationName = Release;
		};
/* End XCConfigurationList section */
	};
	rootObject = 35AC72DD256CEF8C00727E49 /* Project object */;
}
